// !$*UTF8*$!
{
	archiveVersion = 1;
	classes = {
	};
	objectVersion = 48;
	objects = {

/* Begin PBXBuildFile section */
		2B1C35F21FB426C700ADDE24 /* AppDelegate.m in Sources */ = {isa = PBXBuildFile; fileRef = 2B1C35F11FB426C700ADDE24 /* AppDelegate.m */; };
		2B1C35F51FB426C700ADDE24 /* ViewController.m in Sources */ = {isa = PBXBuildFile; fileRef = 2B1C35F41FB426C700ADDE24 /* ViewController.m */; };
		2B1C35F81FB426C700ADDE24 /* Main.storyboard in Resources */ = {isa = PBXBuildFile; fileRef = 2B1C35F61FB426C700ADDE24 /* Main.storyboard */; };
		2B1C35FA1FB426C700ADDE24 /* Assets.xcassets in Resources */ = {isa = PBXBuildFile; fileRef = 2B1C35F91FB426C700ADDE24 /* Assets.xcassets */; };
		2B1C35FD1FB426C700ADDE24 /* LaunchScreen.storyboard in Resources */ = {isa = PBXBuildFile; fileRef = 2B1C35FB1FB426C700ADDE24 /* LaunchScreen.storyboard */; };
		2B1C36001FB426C700ADDE24 /* main.m in Sources */ = {isa = PBXBuildFile; fileRef = 2B1C35FF1FB426C700ADDE24 /* main.m */; };
		2B1C362C1FB426FB00ADDE24 /* WebKit.apinotes in Resources */ = {isa = PBXBuildFile; fileRef = 2B1C36071FB426FA00ADDE24 /* WebKit.apinotes */; };
/* End PBXBuildFile section */

/* Begin PBXFileReference section */
		2B1C35ED1FB426C700ADDE24 /* WebKit框架demo.app */ = {isa = PBXFileReference; explicitFileType = wrapper.application; includeInIndex = 0; path = "WebKit框架demo.app"; sourceTree = BUILT_PRODUCTS_DIR; };
		2B1C35F01FB426C700ADDE24 /* AppDelegate.h */ = {isa = PBXFileReference; lastKnownFileType = sourcecode.c.h; path = AppDelegate.h; sourceTree = "<group>"; };
		2B1C35F11FB426C700ADDE24 /* AppDelegate.m */ = {isa = PBXFileReference; lastKnownFileType = sourcecode.c.objc; path = AppDelegate.m; sourceTree = "<group>"; };
		2B1C35F31FB426C700ADDE24 /* ViewController.h */ = {isa = PBXFileReference; lastKnownFileType = sourcecode.c.h; path = ViewController.h; sourceTree = "<group>"; };
		2B1C35F41FB426C700ADDE24 /* ViewController.m */ = {isa = PBXFileReference; lastKnownFileType = sourcecode.c.objc; path = ViewController.m; sourceTree = "<group>"; };
		2B1C35F71FB426C700ADDE24 /* Base */ = {isa = PBXFileReference; lastKnownFileType = file.storyboard; name = Base; path = Base.lproj/Main.storyboard; sourceTree = "<group>"; };
		2B1C35F91FB426C700ADDE24 /* Assets.xcassets */ = {isa = PBXFileReference; lastKnownFileType = folder.assetcatalog; path = Assets.xcassets; sourceTree = "<group>"; };
		2B1C35FC1FB426C700ADDE24 /* Base */ = {isa = PBXFileReference; lastKnownFileType = file.storyboard; name = Base; path = Base.lproj/LaunchScreen.storyboard; sourceTree = "<group>"; };
		2B1C35FE1FB426C700ADDE24 /* Info.plist */ = {isa = PBXFileReference; lastKnownFileType = text.plist.xml; path = Info.plist; sourceTree = "<group>"; };
		2B1C35FF1FB426C700ADDE24 /* main.m */ = {isa = PBXFileReference; lastKnownFileType = sourcecode.c.objc; path = main.m; sourceTree = "<group>"; };
		2B1C36071FB426FA00ADDE24 /* WebKit.apinotes */ = {isa = PBXFileReference; fileEncoding = 4; lastKnownFileType = text; path = WebKit.apinotes; sourceTree = "<group>"; };
		2B1C36081FB426FA00ADDE24 /* WebKit.h */ = {isa = PBXFileReference; fileEncoding = 4; lastKnownFileType = sourcecode.c.h; path = WebKit.h; sourceTree = "<group>"; };
		2B1C36091FB426FA00ADDE24 /* WebKitLegacy.h */ = {isa = PBXFileReference; fileEncoding = 4; lastKnownFileType = sourcecode.c.h; path = WebKitLegacy.h; sourceTree = "<group>"; };
		2B1C360A1FB426FA00ADDE24 /* WKBackForwardList.h */ = {isa = PBXFileReference; fileEncoding = 4; lastKnownFileType = sourcecode.c.h; path = WKBackForwardList.h; sourceTree = "<group>"; };
		2B1C360B1FB426FA00ADDE24 /* WKBackForwardListItem.h */ = {isa = PBXFileReference; fileEncoding = 4; lastKnownFileType = sourcecode.c.h; path = WKBackForwardListItem.h; sourceTree = "<group>"; };
		2B1C360C1FB426FA00ADDE24 /* WKContentRuleList.h */ = {isa = PBXFileReference; fileEncoding = 4; lastKnownFileType = sourcecode.c.h; path = WKContentRuleList.h; sourceTree = "<group>"; };
		2B1C360D1FB426FA00ADDE24 /* WKContentRuleListStore.h */ = {isa = PBXFileReference; fileEncoding = 4; lastKnownFileType = sourcecode.c.h; path = WKContentRuleListStore.h; sourceTree = "<group>"; };
		2B1C360E1FB426FA00ADDE24 /* WKDataDetectorTypes.h */ = {isa = PBXFileReference; fileEncoding = 4; lastKnownFileType = sourcecode.c.h; path = WKDataDetectorTypes.h; sourceTree = "<group>"; };
		2B1C360F1FB426FA00ADDE24 /* WKError.h */ = {isa = PBXFileReference; fileEncoding = 4; lastKnownFileType = sourcecode.c.h; path = WKError.h; sourceTree = "<group>"; };
		2B1C36101FB426FA00ADDE24 /* WKFoundation.h */ = {isa = PBXFileReference; fileEncoding = 4; lastKnownFileType = sourcecode.c.h; path = WKFoundation.h; sourceTree = "<group>"; };
		2B1C36111FB426FA00ADDE24 /* WKFrameInfo.h */ = {isa = PBXFileReference; fileEncoding = 4; lastKnownFileType = sourcecode.c.h; path = WKFrameInfo.h; sourceTree = "<group>"; };
		2B1C36121FB426FA00ADDE24 /* WKHTTPCookieStore.h */ = {isa = PBXFileReference; fileEncoding = 4; lastKnownFileType = sourcecode.c.h; path = WKHTTPCookieStore.h; sourceTree = "<group>"; };
		2B1C36131FB426FA00ADDE24 /* WKNavigation.h */ = {isa = PBXFileReference; fileEncoding = 4; lastKnownFileType = sourcecode.c.h; path = WKNavigation.h; sourceTree = "<group>"; };
		2B1C36141FB426FA00ADDE24 /* WKNavigationAction.h */ = {isa = PBXFileReference; fileEncoding = 4; lastKnownFileType = sourcecode.c.h; path = WKNavigationAction.h; sourceTree = "<group>"; };
		2B1C36151FB426FA00ADDE24 /* WKNavigationDelegate.h */ = {isa = PBXFileReference; fileEncoding = 4; lastKnownFileType = sourcecode.c.h; path = WKNavigationDelegate.h; sourceTree = "<group>"; };
		2B1C36161FB426FA00ADDE24 /* WKNavigationResponse.h */ = {isa = PBXFileReference; fileEncoding = 4; lastKnownFileType = sourcecode.c.h; path = WKNavigationResponse.h; sourceTree = "<group>"; };
		2B1C36171FB426FA00ADDE24 /* WKOpenPanelParameters.h */ = {isa = PBXFileReference; fileEncoding = 4; lastKnownFileType = sourcecode.c.h; path = WKOpenPanelParameters.h; sourceTree = "<group>"; };
		2B1C36181FB426FA00ADDE24 /* WKPreferences.h */ = {isa = PBXFileReference; fileEncoding = 4; lastKnownFileType = sourcecode.c.h; path = WKPreferences.h; sourceTree = "<group>"; };
		2B1C36191FB426FA00ADDE24 /* WKPreviewActionItem.h */ = {isa = PBXFileReference; fileEncoding = 4; lastKnownFileType = sourcecode.c.h; path = WKPreviewActionItem.h; sourceTree = "<group>"; };
		2B1C361A1FB426FA00ADDE24 /* WKPreviewActionItemIdentifiers.h */ = {isa = PBXFileReference; fileEncoding = 4; lastKnownFileType = sourcecode.c.h; path = WKPreviewActionItemIdentifiers.h; sourceTree = "<group>"; };
		2B1C361B1FB426FA00ADDE24 /* WKPreviewElementInfo.h */ = {isa = PBXFileReference; fileEncoding = 4; lastKnownFileType = sourcecode.c.h; path = WKPreviewElementInfo.h; sourceTree = "<group>"; };
		2B1C361C1FB426FA00ADDE24 /* WKProcessPool.h */ = {isa = PBXFileReference; fileEncoding = 4; lastKnownFileType = sourcecode.c.h; path = WKProcessPool.h; sourceTree = "<group>"; };
		2B1C361D1FB426FA00ADDE24 /* WKScriptMessage.h */ = {isa = PBXFileReference; fileEncoding = 4; lastKnownFileType = sourcecode.c.h; path = WKScriptMessage.h; sourceTree = "<group>"; };
		2B1C361E1FB426FA00ADDE24 /* WKScriptMessageHandler.h */ = {isa = PBXFileReference; fileEncoding = 4; lastKnownFileType = sourcecode.c.h; path = WKScriptMessageHandler.h; sourceTree = "<group>"; };
		2B1C361F1FB426FA00ADDE24 /* WKSecurityOrigin.h */ = {isa = PBXFileReference; fileEncoding = 4; lastKnownFileType = sourcecode.c.h; path = WKSecurityOrigin.h; sourceTree = "<group>"; };
		2B1C36201FB426FA00ADDE24 /* WKSnapshotConfiguration.h */ = {isa = PBXFileReference; fileEncoding = 4; lastKnownFileType = sourcecode.c.h; path = WKSnapshotConfiguration.h; sourceTree = "<group>"; };
		2B1C36211FB426FA00ADDE24 /* WKUIDelegate.h */ = {isa = PBXFileReference; fileEncoding = 4; lastKnownFileType = sourcecode.c.h; path = WKUIDelegate.h; sourceTree = "<group>"; };
		2B1C36221FB426FA00ADDE24 /* WKURLSchemeHandler.h */ = {isa = PBXFileReference; fileEncoding = 4; lastKnownFileType = sourcecode.c.h; path = WKURLSchemeHandler.h; sourceTree = "<group>"; };
		2B1C36231FB426FA00ADDE24 /* WKURLSchemeTask.h */ = {isa = PBXFileReference; fileEncoding = 4; lastKnownFileType = sourcecode.c.h; path = WKURLSchemeTask.h; sourceTree = "<group>"; };
		2B1C36241FB426FA00ADDE24 /* WKUserContentController.h */ = {isa = PBXFileReference; fileEncoding = 4; lastKnownFileType = sourcecode.c.h; path = WKUserContentController.h; sourceTree = "<group>"; };
		2B1C36251FB426FA00ADDE24 /* WKUserScript.h */ = {isa = PBXFileReference; fileEncoding = 4; lastKnownFileType = sourcecode.c.h; path = WKUserScript.h; sourceTree = "<group>"; };
		2B1C36261FB426FA00ADDE24 /* WKWebsiteDataRecord.h */ = {isa = PBXFileReference; fileEncoding = 4; lastKnownFileType = sourcecode.c.h; path = WKWebsiteDataRecord.h; sourceTree = "<group>"; };
		2B1C36271FB426FA00ADDE24 /* WKWebsiteDataStore.h */ = {isa = PBXFileReference; fileEncoding = 4; lastKnownFileType = sourcecode.c.h; path = WKWebsiteDataStore.h; sourceTree = "<group>"; };
		2B1C36281FB426FA00ADDE24 /* WKWebView.h */ = {isa = PBXFileReference; fileEncoding = 4; lastKnownFileType = sourcecode.c.h; path = WKWebView.h; sourceTree = "<group>"; };
		2B1C36291FB426FA00ADDE24 /* WKWebViewConfiguration.h */ = {isa = PBXFileReference; fileEncoding = 4; lastKnownFileType = sourcecode.c.h; path = WKWebViewConfiguration.h; sourceTree = "<group>"; };
		2B1C362A1FB426FA00ADDE24 /* WKWindowFeatures.h */ = {isa = PBXFileReference; fileEncoding = 4; lastKnownFileType = sourcecode.c.h; path = WKWindowFeatures.h; sourceTree = "<group>"; };
		2B1C362B1FB426FA00ADDE24 /* WKWindowFeaturesPrivate.h */ = {isa = PBXFileReference; fileEncoding = 4; lastKnownFileType = sourcecode.c.h; path = WKWindowFeaturesPrivate.h; sourceTree = "<group>"; };
/* End PBXFileReference section */

/* Begin PBXFrameworksBuildPhase section */
		2B1C35EA1FB426C700ADDE24 /* Frameworks */ = {
			isa = PBXFrameworksBuildPhase;
			buildActionMask = 2147483647;
			files = (
			);
			runOnlyForDeploymentPostprocessing = 0;
		};
/* End PBXFrameworksBuildPhase section */

/* Begin PBXGroup section */
		2B1C35E41FB426C700ADDE24 = {
			isa = PBXGroup;
			children = (
				2B1C35EF1FB426C700ADDE24 /* WebKit框架demo */,
				2B1C35EE1FB426C700ADDE24 /* Products */,
			);
			sourceTree = "<group>";
		};
		2B1C35EE1FB426C700ADDE24 /* Products */ = {
			isa = PBXGroup;
			children = (
				2B1C35ED1FB426C700ADDE24 /* WebKit框架demo.app */,
			);
			name = Products;
			sourceTree = "<group>";
		};
		2B1C35EF1FB426C700ADDE24 /* WebKit框架demo */ = {
			isa = PBXGroup;
			children = (
				2B1C36061FB426FA00ADDE24 /* Headers */,
				2B1C35F01FB426C700ADDE24 /* AppDelegate.h */,
				2B1C35F11FB426C700ADDE24 /* AppDelegate.m */,
				2B1C35F31FB426C700ADDE24 /* ViewController.h */,
				2B1C35F41FB426C700ADDE24 /* ViewController.m */,
				2B1C35F61FB426C700ADDE24 /* Main.storyboard */,
				2B1C35F91FB426C700ADDE24 /* Assets.xcassets */,
				2B1C35FB1FB426C700ADDE24 /* LaunchScreen.storyboard */,
				2B1C35FE1FB426C700ADDE24 /* Info.plist */,
				2B1C35FF1FB426C700ADDE24 /* main.m */,
			);
			path = "WebKit框架demo";
			sourceTree = "<group>";
		};
		2B1C36061FB426FA00ADDE24 /* Headers */ = {
			isa = PBXGroup;
			children = (
				2B1C36071FB426FA00ADDE24 /* WebKit.apinotes */,
				2B1C36081FB426FA00ADDE24 /* WebKit.h */,
				2B1C36091FB426FA00ADDE24 /* WebKitLegacy.h */,
				2B1C360A1FB426FA00ADDE24 /* WKBackForwardList.h */,
				2B1C360B1FB426FA00ADDE24 /* WKBackForwardListItem.h */,
				2B1C360C1FB426FA00ADDE24 /* WKContentRuleList.h */,
				2B1C360D1FB426FA00ADDE24 /* WKContentRuleListStore.h */,
				2B1C360E1FB426FA00ADDE24 /* WKDataDetectorTypes.h */,
				2B1C360F1FB426FA00ADDE24 /* WKError.h */,
				2B1C36101FB426FA00ADDE24 /* WKFoundation.h */,
				2B1C36111FB426FA00ADDE24 /* WKFrameInfo.h */,
				2B1C36121FB426FA00ADDE24 /* WKHTTPCookieStore.h */,
				2B1C36131FB426FA00ADDE24 /* WKNavigation.h */,
				2B1C36141FB426FA00ADDE24 /* WKNavigationAction.h */,
				2B1C36151FB426FA00ADDE24 /* WKNavigationDelegate.h */,
				2B1C36161FB426FA00ADDE24 /* WKNavigationResponse.h */,
				2B1C36171FB426FA00ADDE24 /* WKOpenPanelParameters.h */,
				2B1C36181FB426FA00ADDE24 /* WKPreferences.h */,
				2B1C36191FB426FA00ADDE24 /* WKPreviewActionItem.h */,
				2B1C361A1FB426FA00ADDE24 /* WKPreviewActionItemIdentifiers.h */,
				2B1C361B1FB426FA00ADDE24 /* WKPreviewElementInfo.h */,
				2B1C361C1FB426FA00ADDE24 /* WKProcessPool.h */,
				2B1C361D1FB426FA00ADDE24 /* WKScriptMessage.h */,
				2B1C361E1FB426FA00ADDE24 /* WKScriptMessageHandler.h */,
				2B1C361F1FB426FA00ADDE24 /* WKSecurityOrigin.h */,
				2B1C36201FB426FA00ADDE24 /* WKSnapshotConfiguration.h */,
				2B1C36211FB426FA00ADDE24 /* WKUIDelegate.h */,
				2B1C36221FB426FA00ADDE24 /* WKURLSchemeHandler.h */,
				2B1C36231FB426FA00ADDE24 /* WKURLSchemeTask.h */,
				2B1C36241FB426FA00ADDE24 /* WKUserContentController.h */,
				2B1C36251FB426FA00ADDE24 /* WKUserScript.h */,
				2B1C36261FB426FA00ADDE24 /* WKWebsiteDataRecord.h */,
				2B1C36271FB426FA00ADDE24 /* WKWebsiteDataStore.h */,
				2B1C36281FB426FA00ADDE24 /* WKWebView.h */,
				2B1C36291FB426FA00ADDE24 /* WKWebViewConfiguration.h */,
				2B1C362A1FB426FA00ADDE24 /* WKWindowFeatures.h */,
				2B1C362B1FB426FA00ADDE24 /* WKWindowFeaturesPrivate.h */,
			);
			path = Headers;
			sourceTree = "<group>";
		};
/* End PBXGroup section */

/* Begin PBXNativeTarget section */
		2B1C35EC1FB426C700ADDE24 /* WebKit框架demo */ = {
			isa = PBXNativeTarget;
			buildConfigurationList = 2B1C36031FB426C700ADDE24 /* Build configuration list for PBXNativeTarget "WebKit框架demo" */;
			buildPhases = (
				2B1C35E91FB426C700ADDE24 /* Sources */,
				2B1C35EA1FB426C700ADDE24 /* Frameworks */,
				2B1C35EB1FB426C700ADDE24 /* Resources */,
			);
			buildRules = (
			);
			dependencies = (
			);
			name = "WebKit框架demo";
			productName = "WebKit框架demo";
			productReference = 2B1C35ED1FB426C700ADDE24 /* WebKit框架demo.app */;
			productType = "com.apple.product-type.application";
		};
/* End PBXNativeTarget section */

/* Begin PBXProject section */
		2B1C35E51FB426C700ADDE24 /* Project object */ = {
			isa = PBXProject;
			attributes = {
				LastUpgradeCheck = 0910;
				ORGANIZATIONNAME = yangjianliang;
				TargetAttributes = {
					2B1C35EC1FB426C700ADDE24 = {
						CreatedOnToolsVersion = 9.1;
						ProvisioningStyle = Automatic;
					};
				};
			};
			buildConfigurationList = 2B1C35E81FB426C700ADDE24 /* Build configuration list for PBXProject "WebKit框架demo" */;
			compatibilityVersion = "Xcode 8.0";
			developmentRegion = en;
			hasScannedForEncodings = 0;
			knownRegions = (
				en,
				Base,
			);
			mainGroup = 2B1C35E41FB426C700ADDE24;
			productRefGroup = 2B1C35EE1FB426C700ADDE24 /* Products */;
			projectDirPath = "";
			projectRoot = "";
			targets = (
				2B1C35EC1FB426C700ADDE24 /* WebKit框架demo */,
			);
		};
/* End PBXProject section */

/* Begin PBXResourcesBuildPhase section */
		2B1C35EB1FB426C700ADDE24 /* Resources */ = {
			isa = PBXResourcesBuildPhase;
			buildActionMask = 2147483647;
			files = (
				2B1C35FD1FB426C700ADDE24 /* LaunchScreen.storyboard in Resources */,
				2B1C35FA1FB426C700ADDE24 /* Assets.xcassets in Resources */,
				2B1C362C1FB426FB00ADDE24 /* WebKit.apinotes in Resources */,
				2B1C35F81FB426C700ADDE24 /* Main.storyboard in Resources */,
			);
			runOnlyForDeploymentPostprocessing = 0;
		};
/* End PBXResourcesBuildPhase section */

/* Begin PBXSourcesBuildPhase section */
		2B1C35E91FB426C700ADDE24 /* Sources */ = {
			isa = PBXSourcesBuildPhase;
			buildActionMask = 2147483647;
			files = (
				2B1C35F51FB426C700ADDE24 /* ViewController.m in Sources */,
				2B1C36001FB426C700ADDE24 /* main.m in Sources */,
				2B1C35F21FB426C700ADDE24 /* AppDelegate.m in Sources */,
			);
			runOnlyForDeploymentPostprocessing = 0;
		};
/* End PBXSourcesBuildPhase section */

/* Begin PBXVariantGroup section */
		2B1C35F61FB426C700ADDE24 /* Main.storyboard */ = {
			isa = PBXVariantGroup;
			children = (
				2B1C35F71FB426C700ADDE24 /* Base */,
			);
			name = Main.storyboard;
			sourceTree = "<group>";
		};
		2B1C35FB1FB426C700ADDE24 /* LaunchScreen.storyboard */ = {
			isa = PBXVariantGroup;
			children = (
				2B1C35FC1FB426C700ADDE24 /* Base */,
			);
			name = LaunchScreen.storyboard;
			sourceTree = "<group>";
		};
/* End PBXVariantGroup section */

/* Begin XCBuildConfiguration section */
		2B1C36011FB426C700ADDE24 /* Debug */ = {
			isa = XCBuildConfiguration;
			buildSettings = {
				ALWAYS_SEARCH_USER_PATHS = NO;
				CLANG_ANALYZER_NONNULL = YES;
				CLANG_ANALYZER_NUMBER_OBJECT_CONVERSION = YES_AGGRESSIVE;
				CLANG_CXX_LANGUAGE_STANDARD = "gnu++14";
				CLANG_CXX_LIBRARY = "libc++";
				CLANG_ENABLE_MODULES = YES;
				CLANG_ENABLE_OBJC_ARC = YES;
				CLANG_WARN_BLOCK_CAPTURE_AUTORELEASING = YES;
				CLANG_WARN_BOOL_CONVERSION = YES;
				CLANG_WARN_COMMA = YES;
				CLANG_WARN_CONSTANT_CONVERSION = YES;
				CLANG_WARN_DIRECT_OBJC_ISA_USAGE = YES_ERROR;
				CLANG_WARN_DOCUMENTATION_COMMENTS = YES;
				CLANG_WARN_EMPTY_BODY = YES;
				CLANG_WARN_ENUM_CONVERSION = YES;
				CLANG_WARN_INFINITE_RECURSION = YES;
				CLANG_WARN_INT_CONVERSION = YES;
				CLANG_WARN_NON_LITERAL_NULL_CONVERSION = YES;
				CLANG_WARN_OBJC_LITERAL_CONVERSION = YES;
				CLANG_WARN_OBJC_ROOT_CLASS = YES_ERROR;
				CLANG_WARN_RANGE_LOOP_ANALYSIS = YES;
				CLANG_WARN_STRICT_PROTOTYPES = YES;
				CLANG_WARN_SUSPICIOUS_MOVE = YES;
				CLANG_WARN_UNGUARDED_AVAILABILITY = YES_AGGRESSIVE;
				CLANG_WARN_UNREACHABLE_CODE = YES;
				CLANG_WARN__DUPLICATE_METHOD_MATCH = YES;
				CODE_SIGN_IDENTITY = "iPhone Developer";
				COPY_PHASE_STRIP = NO;
				DEBUG_INFORMATION_FORMAT = dwarf;
				ENABLE_STRICT_OBJC_MSGSEND = YES;
				ENABLE_TESTABILITY = YES;
				GCC_C_LANGUAGE_STANDARD = gnu11;
				GCC_DYNAMIC_NO_PIC = NO;
				GCC_NO_COMMON_BLOCKS = YES;
				GCC_OPTIMIZATION_LEVEL = 0;
				GCC_PREPROCESSOR_DEFINITIONS = (
					"DEBUG=1",
					"$(inherited)",
				);
				GCC_WARN_64_TO_32_BIT_CONVERSION = YES;
				GCC_WARN_ABOUT_RETURN_TYPE = YES_ERROR;
				GCC_WARN_UNDECLARED_SELECTOR = YES;
				GCC_WARN_UNINITIALIZED_AUTOS = YES_AGGRESSIVE;
				GCC_WARN_UNUSED_FUNCTION = YES;
				GCC_WARN_UNUSED_VARIABLE = YES;
				IPHONEOS_DEPLOYMENT_TARGET = 11.1;
				MTL_ENABLE_DEBUG_INFO = YES;
				ONLY_ACTIVE_ARCH = YES;
				SDKROOT = iphoneos;
			};
			name = Debug;
		};
		2B1C36021FB426C700ADDE24 /* Release */ = {
			isa = XCBuildConfiguration;
			buildSettings = {
				ALWAYS_SEARCH_USER_PATHS = NO;
				CLANG_ANALYZER_NONNULL = YES;
				CLANG_ANALYZER_NUMBER_OBJECT_CONVERSION = YES_AGGRESSIVE;
				CLANG_CXX_LANGUAGE_STANDARD = "gnu++14";
				CLANG_CXX_LIBRARY = "libc++";
				CLANG_ENABLE_MODULES = YES;
				CLANG_ENABLE_OBJC_ARC = YES;
				CLANG_WARN_BLOCK_CAPTURE_AUTORELEASING = YES;
				CLANG_WARN_BOOL_CONVERSION = YES;
				CLANG_WARN_COMMA = YES;
				CLANG_WARN_CONSTANT_CONVERSION = YES;
				CLANG_WARN_DIRECT_OBJC_ISA_USAGE = YES_ERROR;
				CLANG_WARN_DOCUMENTATION_COMMENTS = YES;
				CLANG_WARN_EMPTY_BODY = YES;
				CLANG_WARN_ENUM_CONVERSION = YES;
				CLANG_WARN_INFINITE_RECURSION = YES;
				CLANG_WARN_INT_CONVERSION = YES;
				CLANG_WARN_NON_LITERAL_NULL_CONVERSION = YES;
				CLANG_WARN_OBJC_LITERAL_CONVERSION = YES;
				CLANG_WARN_OBJC_ROOT_CLASS = YES_ERROR;
				CLANG_WARN_RANGE_LOOP_ANALYSIS = YES;
				CLANG_WARN_STRICT_PROTOTYPES = YES;
				CLANG_WARN_SUSPICIOUS_MOVE = YES;
				CLANG_WARN_UNGUARDED_AVAILABILITY = YES_AGGRESSIVE;
				CLANG_WARN_UNREACHABLE_CODE = YES;
				CLANG_WARN__DUPLICATE_METHOD_MATCH = YES;
				CODE_SIGN_IDENTITY = "iPhone Developer";
				COPY_PHASE_STRIP = NO;
				DEBUG_INFORMATION_FORMAT = "dwarf-with-dsym";
				ENABLE_NS_ASSERTIONS = NO;
				ENABLE_STRICT_OBJC_MSGSEND = YES;
				GCC_C_LANGUAGE_STANDARD = gnu11;
				GCC_NO_COMMON_BLOCKS = YES;
				GCC_WARN_64_TO_32_BIT_CONVERSION = YES;
				GCC_WARN_ABOUT_RETURN_TYPE = YES_ERROR;
				GCC_WARN_UNDECLARED_SELECTOR = YES;
				GCC_WARN_UNINITIALIZED_AUTOS = YES_AGGRESSIVE;
				GCC_WARN_UNUSED_FUNCTION = YES;
				GCC_WARN_UNUSED_VARIABLE = YES;
				IPHONEOS_DEPLOYMENT_TARGET = 11.1;
				MTL_ENABLE_DEBUG_INFO = NO;
				SDKROOT = iphoneos;
				VALIDATE_PRODUCT = YES;
			};
			name = Release;
		};
		2B1C36041FB426C700ADDE24 /* Debug */ = {
			isa = XCBuildConfiguration;
			buildSettings = {
				ASSETCATALOG_COMPILER_APPICON_NAME = AppIcon;
				CODE_SIGN_STYLE = Automatic;
				DEVELOPMENT_TEAM = 2VZHX58HUJ;
				INFOPLIST_FILE = "WebKit框架demo/Info.plist";
				LD_RUNPATH_SEARCH_PATHS = "$(inherited) @executable_path/Frameworks";
				PRODUCT_BUNDLE_IDENTIFIER = "com.microants.haishi.WebKit--demo";
				PRODUCT_NAME = "$(TARGET_NAME)";
				TARGETED_DEVICE_FAMILY = "1,2";
			};
			name = Debug;
		};
		2B1C36051FB426C700ADDE24 /* Release */ = {
			isa = XCBuildConfiguration;
			buildSettings = {
				ASSETCATALOG_COMPILER_APPICON_NAME = AppIcon;
				CODE_SIGN_STYLE = Automatic;
				DEVELOPMENT_TEAM = 2VZHX58HUJ;
				INFOPLIST_FILE = "WebKit框架demo/Info.plist";
				LD_RUNPATH_SEARCH_PATHS = "$(inherited) @executable_path/Frameworks";
				PRODUCT_BUNDLE_IDENTIFIER = "com.microants.haishi.WebKit--demo";
				PRODUCT_NAME = "$(TARGET_NAME)";
				TARGETED_DEVICE_FAMILY = "1,2";
			};
			name = Release;
		};
/* End XCBuildConfiguration section */

/* Begin XCConfigurationList section */
		2B1C35E81FB426C700ADDE24 /* Build configuration list for PBXProject "WebKit框架demo" */ = {
			isa = XCConfigurationList;
			buildConfigurations = (
				2B1C36011FB426C700ADDE24 /* Debug */,
				2B1C36021FB426C700ADDE24 /* Release */,
			);
			defaultConfigurationIsVisible = 0;
			defaultConfigurationName = Release;
		};
		2B1C36031FB426C700ADDE24 /* Build configuration list for PBXNativeTarget "WebKit框架demo" */ = {
			isa = XCConfigurationList;
			buildConfigurations = (
				2B1C36041FB426C700ADDE24 /* Debug */,
				2B1C36051FB426C700ADDE24 /* Release */,
			);
			defaultConfigurationIsVisible = 0;
			defaultConfigurationName = Release;
		};
/* End XCConfigurationList section */
	};
	rootObject = 2B1C35E51FB426C700ADDE24 /* Project object */;
}
